
Microsoft Visual Studio Solution File, Format Version 12.00
# Visual Studio 15
VisualStudioVersion = 15.0.27428.2037
MinimumVisualStudioVersion = 10.0.40219.1
Project("{FAE04EC0-301F-11D3-BF4B-00C04F79EFBC}") = "OneShotLearnCSharp", "OneShotLearnCSharp\OneShotLearnCSharp.csproj", "{0B9FFE98-D3F6-473A-95AF-D54193748154}"
EndProject
Project("{FAE04EC0-301F-11D3-BF4B-00C04F79EFBC}") = "FrontEndApp", "FrontEndApp\FrontEndApp.csproj", "{5A4D2C6F-780B-4A28-9E1B-50FB872D8A95}"
EndProject
Global
	GlobalSection(SolutionConfigurationPlatforms) = preSolution
		Debug|Any CPU = Debug|Any CPU
		Release|Any CPU = Release|Any CPU
	EndGlobalSection
	GlobalSection(ProjectConfigurationPlatforms) = postSolution
		{0B9FFE98-D3F6-473A-95AF-D54193748154}.Debug|Any CPU.ActiveCfg = Debug|Any CPU
		{0B9FFE98-D3F6-473A-95AF-D54193748154}.Debug|Any CPU.Build.0 = Debug|Any CPU
		{0B9FFE98-D3F6-473A-95AF-D54193748154}.Release|Any CPU.ActiveCfg = Release|Any CPU
		{0B9FFE98-D3F6-473A-95AF-D54193748154}.Release|Any CPU.Build.0 = Release|Any CPU
		{5A4D2C6F-780B-4A28-9E1B-50FB872D8A95}.Debug|Any CPU.ActiveCfg = Debug|Any CPU
		{5A4D2C6F-780B-4A28-9E1B-50FB872D8A95}.Debug|Any CPU.Build.0 = Debug|Any CPU
		{5A4D2C6F-780B-4A28-9E1B-50FB872D8A95}.Release|Any CPU.ActiveCfg = Release|Any CPU
		{5A4D2C6F-780B-4A28-9E1B-50FB872D8A95}.Release|Any CPU.Build.0 = Release|Any CPU
	EndGlobalSection
	GlobalSection(SolutionProperties) = preSolution
		HideSolutionNode = FALSE
	EndGlobalSection
	GlobalSection(ExtensibilityGlobals) = postSolution
		SolutionGuid = {6034EF20-AE7B-4300-9688-7C8D02AAD0F5}
	EndGlobalSection
EndGlobal
